{
  "requires": true,
  "lockfileVersion": 1,
  "dependencies": {
    "@types/google-apps-script": {
      "version": "0.0.62",
      "resolved": "https://registry.npmjs.org/@types/google-apps-script/-/google-apps-script-0.0.62.tgz",
      "integrity": "sha512-KFgKLEBLKOgstMjDIEADFFBKkwywcRShtWpNMHADbWmYRLgRYvtVpNCkwcGi/QRua0iYUByLy3UBiazd57o8Dg=="
    },
    "@types/node": {
      "version": "12.7.11",
      "resolved": "https://registry.npmjs.org/@types/node/-/node-12.7.11.tgz",
      "integrity": "sha512-Otxmr2rrZLKRYIybtdG/sgeO+tHY20GxeDjcGmUnmmlCWyEnv2a2x1ZXBo3BTec4OiTXMQCiazB8NMBf0iRlFw=="
    }
  }
}
